
Microsoft Visual Studio Solution File, Format Version 12.00
# Visual Studio Version 17
VisualStudioVersion = 17.0.32112.339
MinimumVisualStudioVersion = 10.0.40219.1
Project("{FAE04EC0-301F-11D3-BF4B-00C04F79EFBC}") = "ApiStandardDeviation", "ApiStandardDeviation\ApiStandardDeviation.csproj", "{76071D91-8579-4837-870E-A077283C5AB4}"
EndProject
Global
	GlobalSection(SolutionConfigurationPlatforms) = preSolution
		Debug|Any CPU = Debug|Any CPU
		Release|Any CPU = Release|Any CPU
	EndGlobalSection
	GlobalSection(ProjectConfigurationPlatforms) = postSolution
		{76071D91-8579-4837-870E-A077283C5AB4}.Debug|Any CPU.ActiveCfg = Debug|Any CPU
		{76071D91-8579-4837-870E-A077283C5AB4}.Debug|Any CPU.Build.0 = Debug|Any CPU
		{76071D91-8579-4837-870E-A077283C5AB4}.Release|Any CPU.ActiveCfg = Release|Any CPU
		{76071D91-8579-4837-870E-A077283C5AB4}.Release|Any CPU.Build.0 = Release|Any CPU
	EndGlobalSection
	GlobalSection(SolutionProperties) = preSolution
		HideSolutionNode = FALSE
	EndGlobalSection
	GlobalSection(ExtensibilityGlobals) = postSolution
		SolutionGuid = {2F662580-C4F9-4727-8756-83F9AFD7D2FD}
	EndGlobalSection
EndGlobal
